// !$*UTF8*$!
{
	archiveVersion = 1;
	classes = {
	};
	objectVersion = 51;
	objects = {

/* Begin PBXBuildFile section */
		4A1260DD25B933DD003D0BEA /* HeaderAccount.swift in Sources */ = {isa = PBXBuildFile; fileRef = 4A1260DC25B933DD003D0BEA /* HeaderAccount.swift */; };
		4A1260E525B93404003D0BEA /* HeaderAccount.xib in Resources */ = {isa = PBXBuildFile; fileRef = 4A1260E425B93404003D0BEA /* HeaderAccount.xib */; };
		4A133FBE25ABAED600DF8E39 /* FoodTableViewCell.swift in Sources */ = {isa = PBXBuildFile; fileRef = 4A133FBD25ABAED600DF8E39 /* FoodTableViewCell.swift */; };
		4A23B03825AACECB00FA066A /* MenuCollectionViewCell.swift in Sources */ = {isa = PBXBuildFile; fileRef = 4A23B03625AACECB00FA066A /* MenuCollectionViewCell.swift */; };
		4A23B03925AACECB00FA066A /* MenuCollectionViewCell.xib in Resources */ = {isa = PBXBuildFile; fileRef = 4A23B03725AACECB00FA066A /* MenuCollectionViewCell.xib */; };
		4A279E292582E5B30096F79A /* AppDelegate.swift in Sources */ = {isa = PBXBuildFile; fileRef = 4A279E282582E5B30096F79A /* AppDelegate.swift */; };
		4A279E302582E5B30096F79A /* Home.storyboard in Resources */ = {isa = PBXBuildFile; fileRef = 4A279E2E2582E5B30096F79A /* Home.storyboard */; };
		4A279E322582E5B70096F79A /* Assets.xcassets in Resources */ = {isa = PBXBuildFile; fileRef = 4A279E312582E5B70096F79A /* Assets.xcassets */; };
		4A279E352582E5B70096F79A /* LaunchScreen.storyboard in Resources */ = {isa = PBXBuildFile; fileRef = 4A279E332582E5B70096F79A /* LaunchScreen.storyboard */; };
		4A279E402582E5B80096F79A /* EatsAppTests.swift in Sources */ = {isa = PBXBuildFile; fileRef = 4A279E3F2582E5B80096F79A /* EatsAppTests.swift */; };
		4A279E4B2582E5B80096F79A /* EatsAppUITests.swift in Sources */ = {isa = PBXBuildFile; fileRef = 4A279E4A2582E5B80096F79A /* EatsAppUITests.swift */; };
		4A279E782582EF9F0096F79A /* LogIn.storyboard in Resources */ = {isa = PBXBuildFile; fileRef = 4A279E772582EF9F0096F79A /* LogIn.storyboard */; };
		4A279E852582F0830096F79A /* LogInViewController.swift in Sources */ = {isa = PBXBuildFile; fileRef = 4A279E842582F0830096F79A /* LogInViewController.swift */; };
		4A2B2972258AA40A0045EAD0 /* ViewController.swift in Sources */ = {isa = PBXBuildFile; fileRef = 4A2B2971258AA40A0045EAD0 /* ViewController.swift */; };
		4A2B2981258AA5FA0045EAD0 /* Main.storyboard in Resources */ = {isa = PBXBuildFile; fileRef = 4A2B2980258AA5FA0045EAD0 /* Main.storyboard */; };
		4A2B2989258AA80B0045EAD0 /* TabBarViewController.swift in Sources */ = {isa = PBXBuildFile; fileRef = 4A2B2988258AA80B0045EAD0 /* TabBarViewController.swift */; };
		4A2B2990258AACC70045EAD0 /* Account.storyboard in Resources */ = {isa = PBXBuildFile; fileRef = 4A2B298F258AACC70045EAD0 /* Account.storyboard */; };
		4A2B2997258ACF4A0045EAD0 /* Search.storyboard in Resources */ = {isa = PBXBuildFile; fileRef = 4A2B2996258ACF4A0045EAD0 /* Search.storyboard */; };
		4A2B299F258ACF5D0045EAD0 /* Orders.storyboard in Resources */ = {isa = PBXBuildFile; fileRef = 4A2B299E258ACF5D0045EAD0 /* Orders.storyboard */; };
		4A2DB48625873D260024163C /* GoogleService-Info.plist in Resources */ = {isa = PBXBuildFile; fileRef = 4A2DB48525873D260024163C /* GoogleService-Info.plist */; };
		4A2EE0ED25BBD3BF0034C37E /* LocationsViewController.swift in Sources */ = {isa = PBXBuildFile; fileRef = 4A2EE0EC25BBD3BF0034C37E /* LocationsViewController.swift */; };
		4A2EE0F525BBD3F10034C37E /* Locations.storyboard in Resources */ = {isa = PBXBuildFile; fileRef = 4A2EE0F425BBD3F10034C37E /* Locations.storyboard */; };
		4A2EE0FA25BBDD6C0034C37E /* LocationTableViewCell.swift in Sources */ = {isa = PBXBuildFile; fileRef = 4A2EE0F925BBDD6C0034C37E /* LocationTableViewCell.swift */; };
		4A2EE10025BBFBB40034C37E /* HelpViewController.swift in Sources */ = {isa = PBXBuildFile; fileRef = 4A2EE0FF25BBFBB40034C37E /* HelpViewController.swift */; };
		4A2EE10825BBFBC70034C37E /* Help.storyboard in Resources */ = {isa = PBXBuildFile; fileRef = 4A2EE10725BBFBC70034C37E /* Help.storyboard */; };
		4A4168D825BA022D00C47063 /* TermsViewController.swift in Sources */ = {isa = PBXBuildFile; fileRef = 4A4168D725BA022D00C47063 /* TermsViewController.swift */; };
		4A4168DD25BA025600C47063 /* TermsViewController.storyboard in Resources */ = {isa = PBXBuildFile; fileRef = 4A4168DC25BA025600C47063 /* TermsViewController.storyboard */; };
		4A4168E825BA0F1A00C47063 /* PayMethodsViewController.swift in Sources */ = {isa = PBXBuildFile; fileRef = 4A4168E725BA0F1A00C47063 /* PayMethodsViewController.swift */; };
		4A4168ED25BA0F3800C47063 /* InfoPersonalViewController.swift in Sources */ = {isa = PBXBuildFile; fileRef = 4A4168EC25BA0F3800C47063 /* InfoPersonalViewController.swift */; };
		4A4168F225BA0F6300C47063 /* PayMethods.storyboard in Resources */ = {isa = PBXBuildFile; fileRef = 4A4168F125BA0F6300C47063 /* PayMethods.storyboard */; };
		4A4168F725BA0F7900C47063 /* InfoPersonal.storyboard in Resources */ = {isa = PBXBuildFile; fileRef = 4A4168F625BA0F7900C47063 /* InfoPersonal.storyboard */; };
		4A41690225BA3EB100C47063 /* PaymentMethodTableViewCell.swift in Sources */ = {isa = PBXBuildFile; fileRef = 4A41690125BA3EB100C47063 /* PaymentMethodTableViewCell.swift */; };
		4A4524BE25A13894004A480D /* LastOrdersViewController.swift in Sources */ = {isa = PBXBuildFile; fileRef = 4A4524BD25A13894004A480D /* LastOrdersViewController.swift */; };
		4A4524C625A13B63004A480D /* LastOrdesTableViewCell.swift in Sources */ = {isa = PBXBuildFile; fileRef = 4A4524C525A13B63004A480D /* LastOrdesTableViewCell.swift */; };
		4A4524DB25A173F4004A480D /* AccountViewController.swift in Sources */ = {isa = PBXBuildFile; fileRef = 4A4524DA25A173F4004A480D /* AccountViewController.swift */; };
		4A46ED81258DA756006CB62E /* SceneDelegate.swift in Sources */ = {isa = PBXBuildFile; fileRef = 4A46ED80258DA755006CB62E /* SceneDelegate.swift */; };
		4A4F3F4225AE7A5D00B3F95F /* CardCollectionTableViewCell.swift in Sources */ = {isa = PBXBuildFile; fileRef = 4A4F3F4025AE7A5D00B3F95F /* CardCollectionTableViewCell.swift */; };
		4A4F3F4B25AE802700B3F95F /* CardCollectionTableViewCell.xib in Resources */ = {isa = PBXBuildFile; fileRef = 4A4F3F4A25AE802700B3F95F /* CardCollectionTableViewCell.xib */; };
		4A4F3F5D25AE81E600B3F95F /* CardViewCell.swift in Sources */ = {isa = PBXBuildFile; fileRef = 4A4F3F5B25AE81E600B3F95F /* CardViewCell.swift */; };
		4A4F3F5E25AE81E600B3F95F /* CardViewCell.xib in Resources */ = {isa = PBXBuildFile; fileRef = 4A4F3F5C25AE81E600B3F95F /* CardViewCell.xib */; };
		4A54D1B8258439CA00B64EE8 /* HomeViewController.swift in Sources */ = {isa = PBXBuildFile; fileRef = 4A54D1B7258439CA00B64EE8 /* HomeViewController.swift */; };
		4A68FD7225B960DC00F541DE /* OptionsTableViewCell.swift in Sources */ = {isa = PBXBuildFile; fileRef = 4A68FD7125B960DB00F541DE /* OptionsTableViewCell.swift */; };
		4A79010325948F600055852C /* Register.storyboard in Resources */ = {isa = PBXBuildFile; fileRef = 4A79010225948F600055852C /* Register.storyboard */; };
		4A79010B25948FD10055852C /* RegisterViewController.swift in Sources */ = {isa = PBXBuildFile; fileRef = 4A79010A25948FD10055852C /* RegisterViewController.swift */; };
		4A7C911025AE540100455A73 /* HeaderHome.swift in Sources */ = {isa = PBXBuildFile; fileRef = 4A7C910F25AE540100455A73 /* HeaderHome.swift */; };
		4A7C911525AE542800455A73 /* HeaderHome.xib in Resources */ = {isa = PBXBuildFile; fileRef = 4A7C911425AE542800455A73 /* HeaderHome.xib */; };
		4A7C912725AE562900455A73 /* SliderCollectionViewCell.swift in Sources */ = {isa = PBXBuildFile; fileRef = 4A7C912525AE562900455A73 /* SliderCollectionViewCell.swift */; };
		4A7C912825AE562900455A73 /* SliderCollectionViewCell.xib in Resources */ = {isa = PBXBuildFile; fileRef = 4A7C912625AE562900455A73 /* SliderCollectionViewCell.xib */; };
		4A7C912E25AE563E00455A73 /* CategoriesCollectionViewCell.swift in Sources */ = {isa = PBXBuildFile; fileRef = 4A7C912C25AE563E00455A73 /* CategoriesCollectionViewCell.swift */; };
		4A7C912F25AE563E00455A73 /* CategoriesCollectionViewCell.xib in Resources */ = {isa = PBXBuildFile; fileRef = 4A7C912D25AE563E00455A73 /* CategoriesCollectionViewCell.xib */; };
		4A80FF5825AAB6400019C4F5 /* HeaderRestaurant.xib in Resources */ = {isa = PBXBuildFile; fileRef = 4A80FF5725AAB6400019C4F5 /* HeaderRestaurant.xib */; };
		4A80FF5D25AABBA10019C4F5 /* HeaderRestaurant.swift in Sources */ = {isa = PBXBuildFile; fileRef = 4A80FF5C25AABBA10019C4F5 /* HeaderRestaurant.swift */; };
		4A950BD225C2332C001812F7 /* CategoriesHeaderView.xib in Resources */ = {isa = PBXBuildFile; fileRef = 4A950BD025C2332C001812F7 /* CategoriesHeaderView.xib */; };
		4A950BD325C2332C001812F7 /* CategoriesHeaderView.swift in Sources */ = {isa = PBXBuildFile; fileRef = 4A950BD125C2332C001812F7 /* CategoriesHeaderView.swift */; };
		4A9B8AB525AA71EE00874BBF /* Restaurant.storyboard in Resources */ = {isa = PBXBuildFile; fileRef = 4A9B8AB425AA71EE00874BBF /* Restaurant.storyboard */; };
		4A9B8ABD25AA740400874BBF /* RestaurantViewController.swift in Sources */ = {isa = PBXBuildFile; fileRef = 4A9B8ABC25AA740400874BBF /* RestaurantViewController.swift */; };
		4AAC3AF925C137930026F610 /* Categories.storyboard in Resources */ = {isa = PBXBuildFile; fileRef = 4AAC3AF825C137930026F610 /* Categories.storyboard */; };
		4AAC3B1025C13D360026F610 /* CategoriesViewController.swift in Sources */ = {isa = PBXBuildFile; fileRef = 4AAC3B0F25C13D360026F610 /* CategoriesViewController.swift */; };
		4AAC3B1E25C13E720026F610 /* RestaurantsTableViewCell.swift in Sources */ = {isa = PBXBuildFile; fileRef = 4AAC3B1C25C13E720026F610 /* RestaurantsTableViewCell.swift */; };
		4AAC3B1F25C13E720026F610 /* RestaurantsTableViewCell.xib in Resources */ = {isa = PBXBuildFile; fileRef = 4AAC3B1D25C13E720026F610 /* RestaurantsTableViewCell.xib */; };
		4ACB5138259FBCA1000E0857 /* SearchViewController.swift in Sources */ = {isa = PBXBuildFile; fileRef = 4ACB5137259FBCA1000E0857 /* SearchViewController.swift */; };
		4ACB513D259FBF40000E0857 /* PrincipalCategoriesCollectionViewCell.swift in Sources */ = {isa = PBXBuildFile; fileRef = 4ACB513C259FBF40000E0857 /* PrincipalCategoriesCollectionViewCell.swift */; };
		91735F173AB2F4C042811E38 /* Pods_EatsAppTests.framework in Frameworks */ = {isa = PBXBuildFile; fileRef = F3D8B98B3FB8FD200C24DEB2 /* Pods_EatsAppTests.framework */; };
		D1EAA3A44C0CF66EC91A3AFF /* Pods_EatsApp_EatsAppUITests.framework in Frameworks */ = {isa = PBXBuildFile; fileRef = BF937E729FEBB71B275E2C88 /* Pods_EatsApp_EatsAppUITests.framework */; };
		D5E7B422B0B5B7262D4BE7BD /* Pods_EatsApp.framework in Frameworks */ = {isa = PBXBuildFile; fileRef = 713C2A85BCA61D60A0A18FB9 /* Pods_EatsApp.framework */; };
/* End PBXBuildFile section */

/* Begin PBXContainerItemProxy section */
		4A279E3C2582E5B80096F79A /* PBXContainerItemProxy */ = {
			isa = PBXContainerItemProxy;
			containerPortal = 4A279E1D2582E5B30096F79A /* Project object */;
			proxyType = 1;
			remoteGlobalIDString = 4A279E242582E5B30096F79A;
			remoteInfo = EatsApp;
		};
		4A279E472582E5B80096F79A /* PBXContainerItemProxy */ = {
			isa = PBXContainerItemProxy;
			containerPortal = 4A279E1D2582E5B30096F79A /* Project object */;
			proxyType = 1;
			remoteGlobalIDString = 4A279E242582E5B30096F79A;
			remoteInfo = EatsApp;
		};
/* End PBXContainerItemProxy section */

/* Begin PBXFileReference section */
		33E530F06872FCDCD041C1EB /* Pods-EatsApp-EatsAppUITests.debug.xcconfig */ = {isa = PBXFileReference; includeInIndex = 1; lastKnownFileType = text.xcconfig; name = "Pods-EatsApp-EatsAppUITests.debug.xcconfig"; path = "Target Support Files/Pods-EatsApp-EatsAppUITests/Pods-EatsApp-EatsAppUITests.debug.xcconfig"; sourceTree = "<group>"; };
		47DDE463AB1CFEBABA24F4F5 /* Pods-EatsApp-EatsAppUITests.release.xcconfig */ = {isa = PBXFileReference; includeInIndex = 1; lastKnownFileType = text.xcconfig; name = "Pods-EatsApp-EatsAppUITests.release.xcconfig"; path = "Target Support Files/Pods-EatsApp-EatsAppUITests/Pods-EatsApp-EatsAppUITests.release.xcconfig"; sourceTree = "<group>"; };
		4A1260DC25B933DD003D0BEA /* HeaderAccount.swift */ = {isa = PBXFileReference; lastKnownFileType = sourcecode.swift; path = HeaderAccount.swift; sourceTree = "<group>"; };
		4A1260E425B93404003D0BEA /* HeaderAccount.xib */ = {isa = PBXFileReference; lastKnownFileType = file.xib; path = HeaderAccount.xib; sourceTree = "<group>"; };
		4A133FBD25ABAED600DF8E39 /* FoodTableViewCell.swift */ = {isa = PBXFileReference; lastKnownFileType = sourcecode.swift; path = FoodTableViewCell.swift; sourceTree = "<group>"; };
		4A23B03625AACECB00FA066A /* MenuCollectionViewCell.swift */ = {isa = PBXFileReference; lastKnownFileType = sourcecode.swift; path = MenuCollectionViewCell.swift; sourceTree = "<group>"; };
		4A23B03725AACECB00FA066A /* MenuCollectionViewCell.xib */ = {isa = PBXFileReference; lastKnownFileType = file.xib; path = MenuCollectionViewCell.xib; sourceTree = "<group>"; };
		4A279E252582E5B30096F79A /* EatsApp.app */ = {isa = PBXFileReference; explicitFileType = wrapper.application; includeInIndex = 0; path = EatsApp.app; sourceTree = BUILT_PRODUCTS_DIR; };
		4A279E282582E5B30096F79A /* AppDelegate.swift */ = {isa = PBXFileReference; lastKnownFileType = sourcecode.swift; path = AppDelegate.swift; sourceTree = "<group>"; };
		4A279E2F2582E5B30096F79A /* Base */ = {isa = PBXFileReference; lastKnownFileType = file.storyboard; name = Base; path = Base.lproj/Home.storyboard; sourceTree = "<group>"; };
		4A279E312582E5B70096F79A /* Assets.xcassets */ = {isa = PBXFileReference; lastKnownFileType = folder.assetcatalog; path = Assets.xcassets; sourceTree = "<group>"; };
		4A279E342582E5B70096F79A /* Base */ = {isa = PBXFileReference; lastKnownFileType = file.storyboard; name = Base; path = Base.lproj/LaunchScreen.storyboard; sourceTree = "<group>"; };
		4A279E362582E5B70096F79A /* Info.plist */ = {isa = PBXFileReference; lastKnownFileType = text.plist.xml; path = Info.plist; sourceTree = "<group>"; };
		4A279E3B2582E5B80096F79A /* EatsAppTests.xctest */ = {isa = PBXFileReference; explicitFileType = wrapper.cfbundle; includeInIndex = 0; path = EatsAppTests.xctest; sourceTree = BUILT_PRODUCTS_DIR; };
		4A279E3F2582E5B80096F79A /* EatsAppTests.swift */ = {isa = PBXFileReference; lastKnownFileType = sourcecode.swift; path = EatsAppTests.swift; sourceTree = "<group>"; };
		4A279E412582E5B80096F79A /* Info.plist */ = {isa = PBXFileReference; lastKnownFileType = text.plist.xml; path = Info.plist; sourceTree = "<group>"; };
		4A279E462582E5B80096F79A /* EatsAppUITests.xctest */ = {isa = PBXFileReference; explicitFileType = wrapper.cfbundle; includeInIndex = 0; path = EatsAppUITests.xctest; sourceTree = BUILT_PRODUCTS_DIR; };
		4A279E4A2582E5B80096F79A /* EatsAppUITests.swift */ = {isa = PBXFileReference; lastKnownFileType = sourcecode.swift; path = EatsAppUITests.swift; sourceTree = "<group>"; };
		4A279E4C2582E5B80096F79A /* Info.plist */ = {isa = PBXFileReference; lastKnownFileType = text.plist.xml; path = Info.plist; sourceTree = "<group>"; };
		4A279E772582EF9F0096F79A /* LogIn.storyboard */ = {isa = PBXFileReference; fileEncoding = 4; lastKnownFileType = file.storyboard; path = LogIn.storyboard; sourceTree = "<group>"; };
		4A279E842582F0830096F79A /* LogInViewController.swift */ = {isa = PBXFileReference; lastKnownFileType = sourcecode.swift; path = LogInViewController.swift; sourceTree = "<group>"; };
		4A2B2971258AA40A0045EAD0 /* ViewController.swift */ = {isa = PBXFileReference; fileEncoding = 4; lastKnownFileType = sourcecode.swift; path = ViewController.swift; sourceTree = "<group>"; };
		4A2B2980258AA5FA0045EAD0 /* Main.storyboard */ = {isa = PBXFileReference; lastKnownFileType = file.storyboard; path = Main.storyboard; sourceTree = "<group>"; };
		4A2B2988258AA80B0045EAD0 /* TabBarViewController.swift */ = {isa = PBXFileReference; lastKnownFileType = sourcecode.swift; path = TabBarViewController.swift; sourceTree = "<group>"; };
		4A2B298F258AACC70045EAD0 /* Account.storyboard */ = {isa = PBXFileReference; lastKnownFileType = file.storyboard; path = Account.storyboard; sourceTree = "<group>"; };
		4A2B2996258ACF4A0045EAD0 /* Search.storyboard */ = {isa = PBXFileReference; lastKnownFileType = file.storyboard; path = Search.storyboard; sourceTree = "<group>"; };
		4A2B299E258ACF5D0045EAD0 /* Orders.storyboard */ = {isa = PBXFileReference; lastKnownFileType = file.storyboard; path = Orders.storyboard; sourceTree = "<group>"; };
		4A2DB48525873D260024163C /* GoogleService-Info.plist */ = {isa = PBXFileReference; fileEncoding = 4; lastKnownFileType = text.plist.xml; path = "GoogleService-Info.plist"; sourceTree = "<group>"; };
		4A2EE0EC25BBD3BF0034C37E /* LocationsViewController.swift */ = {isa = PBXFileReference; lastKnownFileType = sourcecode.swift; path = LocationsViewController.swift; sourceTree = "<group>"; };
		4A2EE0F425BBD3F10034C37E /* Locations.storyboard */ = {isa = PBXFileReference; lastKnownFileType = file.storyboard; path = Locations.storyboard; sourceTree = "<group>"; };
		4A2EE0F925BBDD6C0034C37E /* LocationTableViewCell.swift */ = {isa = PBXFileReference; lastKnownFileType = sourcecode.swift; path = LocationTableViewCell.swift; sourceTree = "<group>"; };
		4A2EE0FF25BBFBB40034C37E /* HelpViewController.swift */ = {isa = PBXFileReference; lastKnownFileType = sourcecode.swift; path = HelpViewController.swift; sourceTree = "<group>"; };
		4A2EE10725BBFBC70034C37E /* Help.storyboard */ = {isa = PBXFileReference; lastKnownFileType = file.storyboard; path = Help.storyboard; sourceTree = "<group>"; };
		4A4168D725BA022D00C47063 /* TermsViewController.swift */ = {isa = PBXFileReference; lastKnownFileType = sourcecode.swift; path = TermsViewController.swift; sourceTree = "<group>"; };
		4A4168DC25BA025600C47063 /* TermsViewController.storyboard */ = {isa = PBXFileReference; lastKnownFileType = file.storyboard; path = TermsViewController.storyboard; sourceTree = "<group>"; };
		4A4168E725BA0F1A00C47063 /* PayMethodsViewController.swift */ = {isa = PBXFileReference; lastKnownFileType = sourcecode.swift; path = PayMethodsViewController.swift; sourceTree = "<group>"; };
		4A4168EC25BA0F3800C47063 /* InfoPersonalViewController.swift */ = {isa = PBXFileReference; lastKnownFileType = sourcecode.swift; path = InfoPersonalViewController.swift; sourceTree = "<group>"; };
		4A4168F125BA0F6300C47063 /* PayMethods.storyboard */ = {isa = PBXFileReference; lastKnownFileType = file.storyboard; path = PayMethods.storyboard; sourceTree = "<group>"; };
		4A4168F625BA0F7900C47063 /* InfoPersonal.storyboard */ = {isa = PBXFileReference; lastKnownFileType = file.storyboard; path = InfoPersonal.storyboard; sourceTree = "<group>"; };
		4A41690125BA3EB100C47063 /* PaymentMethodTableViewCell.swift */ = {isa = PBXFileReference; lastKnownFileType = sourcecode.swift; path = PaymentMethodTableViewCell.swift; sourceTree = "<group>"; };
		4A4524BD25A13894004A480D /* LastOrdersViewController.swift */ = {isa = PBXFileReference; lastKnownFileType = sourcecode.swift; path = LastOrdersViewController.swift; sourceTree = "<group>"; };
		4A4524C525A13B63004A480D /* LastOrdesTableViewCell.swift */ = {isa = PBXFileReference; lastKnownFileType = sourcecode.swift; path = LastOrdesTableViewCell.swift; sourceTree = "<group>"; };
		4A4524DA25A173F4004A480D /* AccountViewController.swift */ = {isa = PBXFileReference; lastKnownFileType = sourcecode.swift; path = AccountViewController.swift; sourceTree = "<group>"; };
		4A46ED80258DA755006CB62E /* SceneDelegate.swift */ = {isa = PBXFileReference; fileEncoding = 4; lastKnownFileType = sourcecode.swift; path = SceneDelegate.swift; sourceTree = "<group>"; };
		4A4F3F4025AE7A5D00B3F95F /* CardCollectionTableViewCell.swift */ = {isa = PBXFileReference; lastKnownFileType = sourcecode.swift; path = CardCollectionTableViewCell.swift; sourceTree = "<group>"; };
		4A4F3F4A25AE802700B3F95F /* CardCollectionTableViewCell.xib */ = {isa = PBXFileReference; fileEncoding = 4; lastKnownFileType = file.xib; path = CardCollectionTableViewCell.xib; sourceTree = "<group>"; };
		4A4F3F5B25AE81E600B3F95F /* CardViewCell.swift */ = {isa = PBXFileReference; lastKnownFileType = sourcecode.swift; path = CardViewCell.swift; sourceTree = "<group>"; };
		4A4F3F5C25AE81E600B3F95F /* CardViewCell.xib */ = {isa = PBXFileReference; lastKnownFileType = file.xib; path = CardViewCell.xib; sourceTree = "<group>"; };
		4A54D1B7258439CA00B64EE8 /* HomeViewController.swift */ = {isa = PBXFileReference; lastKnownFileType = sourcecode.swift; path = HomeViewController.swift; sourceTree = "<group>"; };
		4A68FD7125B960DB00F541DE /* OptionsTableViewCell.swift */ = {isa = PBXFileReference; lastKnownFileType = sourcecode.swift; path = OptionsTableViewCell.swift; sourceTree = "<group>"; };
		4A75A3292144AE9B99B9AC90 /* Pods-EatsApp.debug.xcconfig */ = {isa = PBXFileReference; includeInIndex = 1; lastKnownFileType = text.xcconfig; name = "Pods-EatsApp.debug.xcconfig"; path = "Target Support Files/Pods-EatsApp/Pods-EatsApp.debug.xcconfig"; sourceTree = "<group>"; };
		4A79010225948F600055852C /* Register.storyboard */ = {isa = PBXFileReference; fileEncoding = 4; lastKnownFileType = file.storyboard; path = Register.storyboard; sourceTree = "<group>"; };
		4A79010A25948FD10055852C /* RegisterViewController.swift */ = {isa = PBXFileReference; lastKnownFileType = sourcecode.swift; path = RegisterViewController.swift; sourceTree = "<group>"; };
		4A7C910F25AE540100455A73 /* HeaderHome.swift */ = {isa = PBXFileReference; lastKnownFileType = sourcecode.swift; path = HeaderHome.swift; sourceTree = "<group>"; };
		4A7C911425AE542800455A73 /* HeaderHome.xib */ = {isa = PBXFileReference; lastKnownFileType = file.xib; path = HeaderHome.xib; sourceTree = "<group>"; };
		4A7C912525AE562900455A73 /* SliderCollectionViewCell.swift */ = {isa = PBXFileReference; lastKnownFileType = sourcecode.swift; path = SliderCollectionViewCell.swift; sourceTree = "<group>"; };
		4A7C912625AE562900455A73 /* SliderCollectionViewCell.xib */ = {isa = PBXFileReference; lastKnownFileType = file.xib; path = SliderCollectionViewCell.xib; sourceTree = "<group>"; };
		4A7C912C25AE563E00455A73 /* CategoriesCollectionViewCell.swift */ = {isa = PBXFileReference; lastKnownFileType = sourcecode.swift; path = CategoriesCollectionViewCell.swift; sourceTree = "<group>"; };
		4A7C912D25AE563E00455A73 /* CategoriesCollectionViewCell.xib */ = {isa = PBXFileReference; lastKnownFileType = file.xib; path = CategoriesCollectionViewCell.xib; sourceTree = "<group>"; };
		4A80FF5725AAB6400019C4F5 /* HeaderRestaurant.xib */ = {isa = PBXFileReference; lastKnownFileType = file.xib; path = HeaderRestaurant.xib; sourceTree = "<group>"; };
		4A80FF5C25AABBA10019C4F5 /* HeaderRestaurant.swift */ = {isa = PBXFileReference; lastKnownFileType = sourcecode.swift; path = HeaderRestaurant.swift; sourceTree = "<group>"; };
		4A950BD025C2332C001812F7 /* CategoriesHeaderView.xib */ = {isa = PBXFileReference; fileEncoding = 4; lastKnownFileType = file.xib; name = CategoriesHeaderView.xib; path = ../../../../../../.Trash/CategoriesHeaderView.xib; sourceTree = "<group>"; };
		4A950BD125C2332C001812F7 /* CategoriesHeaderView.swift */ = {isa = PBXFileReference; fileEncoding = 4; lastKnownFileType = sourcecode.swift; name = CategoriesHeaderView.swift; path = ../../../../../../.Trash/CategoriesHeaderView.swift; sourceTree = "<group>"; };
		4A9B8AB425AA71EE00874BBF /* Restaurant.storyboard */ = {isa = PBXFileReference; lastKnownFileType = file.storyboard; path = Restaurant.storyboard; sourceTree = "<group>"; };
		4A9B8ABC25AA740400874BBF /* RestaurantViewController.swift */ = {isa = PBXFileReference; lastKnownFileType = sourcecode.swift; path = RestaurantViewController.swift; sourceTree = "<group>"; };
		4AAC3AF825C137930026F610 /* Categories.storyboard */ = {isa = PBXFileReference; lastKnownFileType = file.storyboard; path = Categories.storyboard; sourceTree = "<group>"; };
		4AAC3B0F25C13D360026F610 /* CategoriesViewController.swift */ = {isa = PBXFileReference; lastKnownFileType = sourcecode.swift; path = CategoriesViewController.swift; sourceTree = "<group>"; };
		4AAC3B1C25C13E720026F610 /* RestaurantsTableViewCell.swift */ = {isa = PBXFileReference; lastKnownFileType = sourcecode.swift; path = RestaurantsTableViewCell.swift; sourceTree = "<group>"; };
		4AAC3B1D25C13E720026F610 /* RestaurantsTableViewCell.xib */ = {isa = PBXFileReference; lastKnownFileType = file.xib; path = RestaurantsTableViewCell.xib; sourceTree = "<group>"; };
		4ACB5137259FBCA1000E0857 /* SearchViewController.swift */ = {isa = PBXFileReference; lastKnownFileType = sourcecode.swift; path = SearchViewController.swift; sourceTree = "<group>"; };
		4ACB513C259FBF40000E0857 /* PrincipalCategoriesCollectionViewCell.swift */ = {isa = PBXFileReference; lastKnownFileType = sourcecode.swift; path = PrincipalCategoriesCollectionViewCell.swift; sourceTree = "<group>"; };
		713C2A85BCA61D60A0A18FB9 /* Pods_EatsApp.framework */ = {isa = PBXFileReference; explicitFileType = wrapper.framework; includeInIndex = 0; path = Pods_EatsApp.framework; sourceTree = BUILT_PRODUCTS_DIR; };
		74560C490A2656D564FACB0E /* Pods-EatsAppTests.debug.xcconfig */ = {isa = PBXFileReference; includeInIndex = 1; lastKnownFileType = text.xcconfig; name = "Pods-EatsAppTests.debug.xcconfig"; path = "Target Support Files/Pods-EatsAppTests/Pods-EatsAppTests.debug.xcconfig"; sourceTree = "<group>"; };
		AAC345E16794F51F44C9F5F0 /* Pods-EatsApp.release.xcconfig */ = {isa = PBXFileReference; includeInIndex = 1; lastKnownFileType = text.xcconfig; name = "Pods-EatsApp.release.xcconfig"; path = "Target Support Files/Pods-EatsApp/Pods-EatsApp.release.xcconfig"; sourceTree = "<group>"; };
		BF937E729FEBB71B275E2C88 /* Pods_EatsApp_EatsAppUITests.framework */ = {isa = PBXFileReference; explicitFileType = wrapper.framework; includeInIndex = 0; path = Pods_EatsApp_EatsAppUITests.framework; sourceTree = BUILT_PRODUCTS_DIR; };
		CAB6CA896CE50409144A8859 /* Pods-EatsAppTests.release.xcconfig */ = {isa = PBXFileReference; includeInIndex = 1; lastKnownFileType = text.xcconfig; name = "Pods-EatsAppTests.release.xcconfig"; path = "Target Support Files/Pods-EatsAppTests/Pods-EatsAppTests.release.xcconfig"; sourceTree = "<group>"; };
		F3D8B98B3FB8FD200C24DEB2 /* Pods_EatsAppTests.framework */ = {isa = PBXFileReference; explicitFileType = wrapper.framework; includeInIndex = 0; path = Pods_EatsAppTests.framework; sourceTree = BUILT_PRODUCTS_DIR; };
/* End PBXFileReference section */

/* Begin PBXFrameworksBuildPhase section */
		4A279E222582E5B30096F79A /* Frameworks */ = {
			isa = PBXFrameworksBuildPhase;
			buildActionMask = 2147483647;
			files = (
				D5E7B422B0B5B7262D4BE7BD /* Pods_EatsApp.framework in Frameworks */,
			);
			runOnlyForDeploymentPostprocessing = 0;
		};
		4A279E382582E5B80096F79A /* Frameworks */ = {
			isa = PBXFrameworksBuildPhase;
			buildActionMask = 2147483647;
			files = (
				91735F173AB2F4C042811E38 /* Pods_EatsAppTests.framework in Frameworks */,
			);
			runOnlyForDeploymentPostprocessing = 0;
		};
		4A279E432582E5B80096F79A /* Frameworks */ = {
			isa = PBXFrameworksBuildPhase;
			buildActionMask = 2147483647;
			files = (
				D1EAA3A44C0CF66EC91A3AFF /* Pods_EatsApp_EatsAppUITests.framework in Frameworks */,
			);
			runOnlyForDeploymentPostprocessing = 0;
		};
/* End PBXFrameworksBuildPhase section */

/* Begin PBXGroup section */
		03B16568E814CDE275363E3D /* Pods */ = {
			isa = PBXGroup;
			children = (
				4A75A3292144AE9B99B9AC90 /* Pods-EatsApp.debug.xcconfig */,
				AAC345E16794F51F44C9F5F0 /* Pods-EatsApp.release.xcconfig */,
				33E530F06872FCDCD041C1EB /* Pods-EatsApp-EatsAppUITests.debug.xcconfig */,
				47DDE463AB1CFEBABA24F4F5 /* Pods-EatsApp-EatsAppUITests.release.xcconfig */,
				74560C490A2656D564FACB0E /* Pods-EatsAppTests.debug.xcconfig */,
				CAB6CA896CE50409144A8859 /* Pods-EatsAppTests.release.xcconfig */,
			);
			path = Pods;
			sourceTree = "<group>";
		};
		0C9029BC673F8786CABF896B /* Frameworks */ = {
			isa = PBXGroup;
			children = (
				713C2A85BCA61D60A0A18FB9 /* Pods_EatsApp.framework */,
				BF937E729FEBB71B275E2C88 /* Pods_EatsApp_EatsAppUITests.framework */,
				F3D8B98B3FB8FD200C24DEB2 /* Pods_EatsAppTests.framework */,
			);
			name = Frameworks;
			sourceTree = "<group>";
		};
		4A1260DB25B93379003D0BEA /* HeaderAccount */ = {
			isa = PBXGroup;
			children = (
				4A1260DC25B933DD003D0BEA /* HeaderAccount.swift */,
				4A1260E425B93404003D0BEA /* HeaderAccount.xib */,
			);
			path = HeaderAccount;
			sourceTree = "<group>";
		};
		4A1D07AB258B243300D2D62E /* Model */ = {
			isa = PBXGroup;
			children = (
			);
			path = Model;
			sourceTree = "<group>";
		};
		4A23B03D25AAD1E300FA066A /* MenuCells */ = {
			isa = PBXGroup;
			children = (
				4A23B03625AACECB00FA066A /* MenuCollectionViewCell.swift */,
				4A23B03725AACECB00FA066A /* MenuCollectionViewCell.xib */,
			);
			path = MenuCells;
			sourceTree = "<group>";
		};
		4A279E1C2582E5B30096F79A = {
			isa = PBXGroup;
			children = (
				4A279E272582E5B30096F79A /* EatsApp */,
				4A279E3E2582E5B80096F79A /* EatsAppTests */,
				4A279E492582E5B80096F79A /* EatsAppUITests */,
				4A279E262582E5B30096F79A /* Products */,
				03B16568E814CDE275363E3D /* Pods */,
				0C9029BC673F8786CABF896B /* Frameworks */,
			);
			sourceTree = "<group>";
		};
		4A279E262582E5B30096F79A /* Products */ = {
			isa = PBXGroup;
			children = (
				4A279E252582E5B30096F79A /* EatsApp.app */,
				4A279E3B2582E5B80096F79A /* EatsAppTests.xctest */,
				4A279E462582E5B80096F79A /* EatsAppUITests.xctest */,
			);
			name = Products;
			sourceTree = "<group>";
		};
		4A279E272582E5B30096F79A /* EatsApp */ = {
			isa = PBXGroup;
			children = (
				4A279E282582E5B30096F79A /* AppDelegate.swift */,
				4A46ED80258DA755006CB62E /* SceneDelegate.swift */,
				4A46ED88258DB321006CB62E /* App */,
				4A1D07AB258B243300D2D62E /* Model */,
				4A279E312582E5B70096F79A /* Assets.xcassets */,
				4A279E332582E5B70096F79A /* LaunchScreen.storyboard */,
				4A279E362582E5B70096F79A /* Info.plist */,
				4A2DB48525873D260024163C /* GoogleService-Info.plist */,
			);
			path = EatsApp;
			sourceTree = "<group>";
		};
		4A279E3E2582E5B80096F79A /* EatsAppTests */ = {
			isa = PBXGroup;
			children = (
				4A279E3F2582E5B80096F79A /* EatsAppTests.swift */,
				4A279E412582E5B80096F79A /* Info.plist */,
			);
			path = EatsAppTests;
			sourceTree = "<group>";
		};
		4A279E492582E5B80096F79A /* EatsAppUITests */ = {
			isa = PBXGroup;
			children = (
				4A279E4A2582E5B80096F79A /* EatsAppUITests.swift */,
				4A279E4C2582E5B80096F79A /* Info.plist */,
			);
			path = EatsAppUITests;
			sourceTree = "<group>";
		};
		4A279E5B2582E6F00096F79A /* Login */ = {
			isa = PBXGroup;
			children = (
				4A279E772582EF9F0096F79A /* LogIn.storyboard */,
				4A279E842582F0830096F79A /* LogInViewController.swift */,
			);
			path = Login;
			sourceTree = "<group>";
		};
		4A2B297F258AA5CA0045EAD0 /* Main */ = {
			isa = PBXGroup;
			children = (
				4A2B2971258AA40A0045EAD0 /* ViewController.swift */,
				4A2B2980258AA5FA0045EAD0 /* Main.storyboard */,
				4A2B2988258AA80B0045EAD0 /* TabBarViewController.swift */,
			);
			path = Main;
			sourceTree = "<group>";
		};
		4A2B298E258AACAF0045EAD0 /* Acconunt */ = {
			isa = PBXGroup;
			children = (
				4A4168E125BA09D100C47063 /* Options */,
				4A1260DB25B93379003D0BEA /* HeaderAccount */,
				4A2B298F258AACC70045EAD0 /* Account.storyboard */,
				4A4524DA25A173F4004A480D /* AccountViewController.swift */,
				4A68FD7125B960DB00F541DE /* OptionsTableViewCell.swift */,
			);
			path = Acconunt;
			sourceTree = "<group>";
		};
		4A2B2994258ACF170045EAD0 /* Orders */ = {
			isa = PBXGroup;
			children = (
				4A2B299E258ACF5D0045EAD0 /* Orders.storyboard */,
				4A4524BD25A13894004A480D /* LastOrdersViewController.swift */,
				4A4524C525A13B63004A480D /* LastOrdesTableViewCell.swift */,
			);
			path = Orders;
			sourceTree = "<group>";
		};
		4A2B2995258ACF290045EAD0 /* Search */ = {
			isa = PBXGroup;
			children = (
				4A2B2996258ACF4A0045EAD0 /* Search.storyboard */,
				4ACB5137259FBCA1000E0857 /* SearchViewController.swift */,
				4ACB513C259FBF40000E0857 /* PrincipalCategoriesCollectionViewCell.swift */,
			);
			path = Search;
			sourceTree = "<group>";
		};
		4A2EE0EA25BBD2280034C37E /* Locations */ = {
			isa = PBXGroup;
			children = (
				4A2EE0EC25BBD3BF0034C37E /* LocationsViewController.swift */,
				4A2EE0F425BBD3F10034C37E /* Locations.storyboard */,
				4A2EE0F925BBDD6C0034C37E /* LocationTableViewCell.swift */,
			);
			path = Locations;
			sourceTree = "<group>";
		};
		4A2EE0FE25BBFB450034C37E /* Help */ = {
			isa = PBXGroup;
			children = (
				4A2EE0FF25BBFBB40034C37E /* HelpViewController.swift */,
				4A2EE10725BBFBC70034C37E /* Help.storyboard */,
			);
			path = Help;
			sourceTree = "<group>";
		};
		4A4168D625BA01EB00C47063 /* Terms */ = {
			isa = PBXGroup;
			children = (
				4A4168D725BA022D00C47063 /* TermsViewController.swift */,
				4A4168DC25BA025600C47063 /* TermsViewController.storyboard */,
			);
			path = Terms;
			sourceTree = "<group>";
		};
		4A4168E125BA09D100C47063 /* Options */ = {
			isa = PBXGroup;
			children = (
				4A2EE0FE25BBFB450034C37E /* Help */,
				4A2EE0EA25BBD2280034C37E /* Locations */,
				4A4168E325BA0A0200C47063 /* PayMethods */,
				4A4168E225BA09F100C47063 /* InfoPersonal */,
			);
			path = Options;
			sourceTree = "<group>";
		};
		4A4168E225BA09F100C47063 /* InfoPersonal */ = {
			isa = PBXGroup;
			children = (
				4A4168EC25BA0F3800C47063 /* InfoPersonalViewController.swift */,
				4A4168F625BA0F7900C47063 /* InfoPersonal.storyboard */,
			);
			path = InfoPersonal;
			sourceTree = "<group>";
		};
		4A4168E325BA0A0200C47063 /* PayMethods */ = {
			isa = PBXGroup;
			children = (
				4A4168E725BA0F1A00C47063 /* PayMethodsViewController.swift */,
				4A41690125BA3EB100C47063 /* PaymentMethodTableViewCell.swift */,
				4A4168F125BA0F6300C47063 /* PayMethods.storyboard */,
			);
			path = PayMethods;
			sourceTree = "<group>";
		};
		4A46ED88258DB321006CB62E /* App */ = {
			isa = PBXGroup;
			children = (
				4AAC3AF425C137140026F610 /* Categories */,
				4A4168D625BA01EB00C47063 /* Terms */,
				4A9B8AB325AA71AD00874BBF /* Restaurant */,
				4A279E5B2582E6F00096F79A /* Login */,
				4A9B8AAC25AA693E00874BBF /* MainNav */,
			);
			path = App;
			sourceTree = "<group>";
		};
		4A4F3F3F25AE798E00B3F95F /* Cells */ = {
			isa = PBXGroup;
			children = (
				4A4F3F4F25AE818700B3F95F /* CollectionsCells */,
				4A4F3F4A25AE802700B3F95F /* CardCollectionTableViewCell.xib */,
				4A4F3F4025AE7A5D00B3F95F /* CardCollectionTableViewCell.swift */,
			);
			path = Cells;
			sourceTree = "<group>";
		};
		4A4F3F4F25AE818700B3F95F /* CollectionsCells */ = {
			isa = PBXGroup;
			children = (
				4A4F3F5B25AE81E600B3F95F /* CardViewCell.swift */,
				4A4F3F5C25AE81E600B3F95F /* CardViewCell.xib */,
			);
			path = CollectionsCells;
			sourceTree = "<group>";
		};
		4A54D1B22584395500B64EE8 /* Home */ = {
			isa = PBXGroup;
			children = (
				4A7C910B25AE537700455A73 /* Header */,
				4A4F3F3F25AE798E00B3F95F /* Cells */,
				4A279E2E2582E5B30096F79A /* Home.storyboard */,
				4A54D1B7258439CA00B64EE8 /* HomeViewController.swift */,
			);
			path = Home;
			sourceTree = "<group>";
		};
		4A7C910B25AE537700455A73 /* Header */ = {
			isa = PBXGroup;
			children = (
				4A7C911925AE557700455A73 /* Cells */,
				4A7C910F25AE540100455A73 /* HeaderHome.swift */,
				4A7C911425AE542800455A73 /* HeaderHome.xib */,
			);
			path = Header;
			sourceTree = "<group>";
		};
		4A7C911925AE557700455A73 /* Cells */ = {
			isa = PBXGroup;
			children = (
				4A7C912525AE562900455A73 /* SliderCollectionViewCell.swift */,
				4A7C912625AE562900455A73 /* SliderCollectionViewCell.xib */,
				4A7C912C25AE563E00455A73 /* CategoriesCollectionViewCell.swift */,
				4A7C912D25AE563E00455A73 /* CategoriesCollectionViewCell.xib */,
			);
			path = Cells;
			sourceTree = "<group>";
		};
		4A80FF5325AAB5A20019C4F5 /* Header */ = {
			isa = PBXGroup;
			children = (
				4A80FF5725AAB6400019C4F5 /* HeaderRestaurant.xib */,
				4A80FF5C25AABBA10019C4F5 /* HeaderRestaurant.swift */,
			);
			path = Header;
			sourceTree = "<group>";
		};
		4A950C0B25C2490C001812F7 /* MenuCell */ = {
			isa = PBXGroup;
			children = (
			);
			path = MenuCell;
			sourceTree = "<group>";
		};
		4A9B8AAC25AA693E00874BBF /* MainNav */ = {
			isa = PBXGroup;
			children = (
				4A2B2994258ACF170045EAD0 /* Orders */,
				4A2B298E258AACAF0045EAD0 /* Acconunt */,
				4A2B297F258AA5CA0045EAD0 /* Main */,
				4A54D1B22584395500B64EE8 /* Home */,
				4A2B2995258ACF290045EAD0 /* Search */,
				4AC97131258D8B03008A73FB /* Register */,
			);
			path = MainNav;
			sourceTree = "<group>";
		};
		4A9B8AB325AA71AD00874BBF /* Restaurant */ = {
			isa = PBXGroup;
			children = (
				4A23B03D25AAD1E300FA066A /* MenuCells */,
				4A80FF5325AAB5A20019C4F5 /* Header */,
				4A9B8AB425AA71EE00874BBF /* Restaurant.storyboard */,
				4A9B8ABC25AA740400874BBF /* RestaurantViewController.swift */,
				4A133FBD25ABAED600DF8E39 /* FoodTableViewCell.swift */,
			);
			path = Restaurant;
			sourceTree = "<group>";
		};
		4AAC3AF425C137140026F610 /* Categories */ = {
			isa = PBXGroup;
			children = (
				4AAC3AFE25C13AC00026F610 /* Cells */,
				4AAC3AFD25C13AB60026F610 /* Header */,
				4AAC3AF825C137930026F610 /* Categories.storyboard */,
				4AAC3B0F25C13D360026F610 /* CategoriesViewController.swift */,
			);
			path = Categories;
			sourceTree = "<group>";
		};
		4AAC3AFD25C13AB60026F610 /* Header */ = {
			isa = PBXGroup;
			children = (
				4A950BD125C2332C001812F7 /* CategoriesHeaderView.swift */,
				4A950BD025C2332C001812F7 /* CategoriesHeaderView.xib */,
			);
			path = Header;
			sourceTree = "<group>";
		};
		4AAC3AFE25C13AC00026F610 /* Cells */ = {
			isa = PBXGroup;
			children = (
				4A950C0B25C2490C001812F7 /* MenuCell */,
				4AAC3B1C25C13E720026F610 /* RestaurantsTableViewCell.swift */,
				4AAC3B1D25C13E720026F610 /* RestaurantsTableViewCell.xib */,
			);
			path = Cells;
			sourceTree = "<group>";
		};
		4AC97131258D8B03008A73FB /* Register */ = {
			isa = PBXGroup;
			children = (
				4A79010225948F600055852C /* Register.storyboard */,
				4A79010A25948FD10055852C /* RegisterViewController.swift */,
			);
			path = Register;
			sourceTree = "<group>";
		};
/* End PBXGroup section */

/* Begin PBXNativeTarget section */
		4A279E242582E5B30096F79A /* EatsApp */ = {
			isa = PBXNativeTarget;
			buildConfigurationList = 4A279E4F2582E5B80096F79A /* Build configuration list for PBXNativeTarget "EatsApp" */;
			buildPhases = (
				BBAD2D3F6E1DDF6FDAFA685C /* [CP] Check Pods Manifest.lock */,
				4A279E212582E5B30096F79A /* Sources */,
				4A279E222582E5B30096F79A /* Frameworks */,
				4A279E232582E5B30096F79A /* Resources */,
				C2A6998296B9A01C0EF22312 /* [CP] Embed Pods Frameworks */,
			);
			buildRules = (
			);
			dependencies = (
			);
			name = EatsApp;
			productName = EatsApp;
			productReference = 4A279E252582E5B30096F79A /* EatsApp.app */;
			productType = "com.apple.product-type.application";
		};
		4A279E3A2582E5B80096F79A /* EatsAppTests */ = {
			isa = PBXNativeTarget;
			buildConfigurationList = 4A279E522582E5B80096F79A /* Build configuration list for PBXNativeTarget "EatsAppTests" */;
			buildPhases = (
				1A59B8CA6EDEC6DAB63B80EC /* [CP] Check Pods Manifest.lock */,
				4A279E372582E5B80096F79A /* Sources */,
				4A279E382582E5B80096F79A /* Frameworks */,
				4A279E392582E5B80096F79A /* Resources */,
			);
			buildRules = (
			);
			dependencies = (
				4A279E3D2582E5B80096F79A /* PBXTargetDependency */,
			);
			name = EatsAppTests;
			productName = EatsAppTests;
			productReference = 4A279E3B2582E5B80096F79A /* EatsAppTests.xctest */;
			productType = "com.apple.product-type.bundle.unit-test";
		};
		4A279E452582E5B80096F79A /* EatsAppUITests */ = {
			isa = PBXNativeTarget;
			buildConfigurationList = 4A279E552582E5B80096F79A /* Build configuration list for PBXNativeTarget "EatsAppUITests" */;
			buildPhases = (
				6CF04289B08CDD911F4420B3 /* [CP] Check Pods Manifest.lock */,
				4A279E422582E5B80096F79A /* Sources */,
				4A279E432582E5B80096F79A /* Frameworks */,
				4A279E442582E5B80096F79A /* Resources */,
				36761BD38E92CD037C92A232 /* [CP] Embed Pods Frameworks */,
			);
			buildRules = (
			);
			dependencies = (
				4A279E482582E5B80096F79A /* PBXTargetDependency */,
			);
			name = EatsAppUITests;
			productName = EatsAppUITests;
			productReference = 4A279E462582E5B80096F79A /* EatsAppUITests.xctest */;
			productType = "com.apple.product-type.bundle.ui-testing";
		};
/* End PBXNativeTarget section */

/* Begin PBXProject section */
		4A279E1D2582E5B30096F79A /* Project object */ = {
			isa = PBXProject;
			attributes = {
				LastSwiftUpdateCheck = 1220;
				LastUpgradeCheck = 1220;
				TargetAttributes = {
					4A279E242582E5B30096F79A = {
						CreatedOnToolsVersion = 12.2;
					};
					4A279E3A2582E5B80096F79A = {
						CreatedOnToolsVersion = 12.2;
						TestTargetID = 4A279E242582E5B30096F79A;
					};
					4A279E452582E5B80096F79A = {
						CreatedOnToolsVersion = 12.2;
						TestTargetID = 4A279E242582E5B30096F79A;
					};
				};
			};
			buildConfigurationList = 4A279E202582E5B30096F79A /* Build configuration list for PBXProject "EatsApp" */;
			compatibilityVersion = "Xcode 9.3";
			developmentRegion = en;
			hasScannedForEncodings = 0;
			knownRegions = (
				en,
				Base,
			);
			mainGroup = 4A279E1C2582E5B30096F79A;
			productRefGroup = 4A279E262582E5B30096F79A /* Products */;
			projectDirPath = "";
			projectRoot = "";
			targets = (
				4A279E242582E5B30096F79A /* EatsApp */,
				4A279E3A2582E5B80096F79A /* EatsAppTests */,
				4A279E452582E5B80096F79A /* EatsAppUITests */,
			);
		};
/* End PBXProject section */

/* Begin PBXResourcesBuildPhase section */
		4A279E232582E5B30096F79A /* Resources */ = {
			isa = PBXResourcesBuildPhase;
			buildActionMask = 2147483647;
			files = (
				4A279E782582EF9F0096F79A /* LogIn.storyboard in Resources */,
				4A7C911525AE542800455A73 /* HeaderHome.xib in Resources */,
				4A4168F225BA0F6300C47063 /* PayMethods.storyboard in Resources */,
				4A7C912F25AE563E00455A73 /* CategoriesCollectionViewCell.xib in Resources */,
				4A2EE0F525BBD3F10034C37E /* Locations.storyboard in Resources */,
				4A4168DD25BA025600C47063 /* TermsViewController.storyboard in Resources */,
				4A279E352582E5B70096F79A /* LaunchScreen.storyboard in Resources */,
				4A2EE10825BBFBC70034C37E /* Help.storyboard in Resources */,
				4A4168F725BA0F7900C47063 /* InfoPersonal.storyboard in Resources */,
				4A2DB48625873D260024163C /* GoogleService-Info.plist in Resources */,
				4A2B2981258AA5FA0045EAD0 /* Main.storyboard in Resources */,
				4A2B299F258ACF5D0045EAD0 /* Orders.storyboard in Resources */,
				4A80FF5825AAB6400019C4F5 /* HeaderRestaurant.xib in Resources */,
				4A279E322582E5B70096F79A /* Assets.xcassets in Resources */,
				4A23B03925AACECB00FA066A /* MenuCollectionViewCell.xib in Resources */,
				4A4F3F5E25AE81E600B3F95F /* CardViewCell.xib in Resources */,
				4A4F3F4B25AE802700B3F95F /* CardCollectionTableViewCell.xib in Resources */,
				4A1260E525B93404003D0BEA /* HeaderAccount.xib in Resources */,
				4A9B8AB525AA71EE00874BBF /* Restaurant.storyboard in Resources */,
				4A279E302582E5B30096F79A /* Home.storyboard in Resources */,
				4AAC3B1F25C13E720026F610 /* RestaurantsTableViewCell.xib in Resources */,
				4AAC3AF925C137930026F610 /* Categories.storyboard in Resources */,
				4A950BD225C2332C001812F7 /* CategoriesHeaderView.xib in Resources */,
				4A2B2997258ACF4A0045EAD0 /* Search.storyboard in Resources */,
				4A2B2990258AACC70045EAD0 /* Account.storyboard in Resources */,
				4A79010325948F600055852C /* Register.storyboard in Resources */,
				4A7C912825AE562900455A73 /* SliderCollectionViewCell.xib in Resources */,
			);
			runOnlyForDeploymentPostprocessing = 0;
		};
		4A279E392582E5B80096F79A /* Resources */ = {
			isa = PBXResourcesBuildPhase;
			buildActionMask = 2147483647;
			files = (
			);
			runOnlyForDeploymentPostprocessing = 0;
		};
		4A279E442582E5B80096F79A /* Resources */ = {
			isa = PBXResourcesBuildPhase;
			buildActionMask = 2147483647;
			files = (
			);
			runOnlyForDeploymentPostprocessing = 0;
		};
/* End PBXResourcesBuildPhase section */

/* Begin PBXShellScriptBuildPhase section */
		1A59B8CA6EDEC6DAB63B80EC /* [CP] Check Pods Manifest.lock */ = {
			isa = PBXShellScriptBuildPhase;
			buildActionMask = 2147483647;
			files = (
			);
			inputFileListPaths = (
			);
			inputPaths = (
				"${PODS_PODFILE_DIR_PATH}/Podfile.lock",
				"${PODS_ROOT}/Manifest.lock",
			);
			name = "[CP] Check Pods Manifest.lock";
			outputFileListPaths = (
			);
			outputPaths = (
				"$(DERIVED_FILE_DIR)/Pods-EatsAppTests-checkManifestLockResult.txt",
			);
			runOnlyForDeploymentPostprocessing = 0;
			shellPath = /bin/sh;
			shellScript = "diff \"${PODS_PODFILE_DIR_PATH}/Podfile.lock\" \"${PODS_ROOT}/Manifest.lock\" > /dev/null\nif [ $? != 0 ] ; then\n    # print error to STDERR\n    echo \"error: The sandbox is not in sync with the Podfile.lock. Run 'pod install' or update your CocoaPods installation.\" >&2\n    exit 1\nfi\n# This output is used by Xcode 'outputs' to avoid re-running this script phase.\necho \"SUCCESS\" > \"${SCRIPT_OUTPUT_FILE_0}\"\n";
			showEnvVarsInLog = 0;
		};
		36761BD38E92CD037C92A232 /* [CP] Embed Pods Frameworks */ = {
			isa = PBXShellScriptBuildPhase;
			buildActionMask = 2147483647;
			files = (
			);
			inputFileListPaths = (
				"${PODS_ROOT}/Target Support Files/Pods-EatsApp-EatsAppUITests/Pods-EatsApp-EatsAppUITests-frameworks-${CONFIGURATION}-input-files.xcfilelist",
			);
			name = "[CP] Embed Pods Frameworks";
			outputFileListPaths = (
				"${PODS_ROOT}/Target Support Files/Pods-EatsApp-EatsAppUITests/Pods-EatsApp-EatsAppUITests-frameworks-${CONFIGURATION}-output-files.xcfilelist",
			);
			runOnlyForDeploymentPostprocessing = 0;
			shellPath = /bin/sh;
			shellScript = "\"${PODS_ROOT}/Target Support Files/Pods-EatsApp-EatsAppUITests/Pods-EatsApp-EatsAppUITests-frameworks.sh\"\n";
			showEnvVarsInLog = 0;
		};
		6CF04289B08CDD911F4420B3 /* [CP] Check Pods Manifest.lock */ = {
			isa = PBXShellScriptBuildPhase;
			buildActionMask = 2147483647;
			files = (
			);
			inputFileListPaths = (
			);
			inputPaths = (
				"${PODS_PODFILE_DIR_PATH}/Podfile.lock",
				"${PODS_ROOT}/Manifest.lock",
			);
			name = "[CP] Check Pods Manifest.lock";
			outputFileListPaths = (
			);
			outputPaths = (
				"$(DERIVED_FILE_DIR)/Pods-EatsApp-EatsAppUITests-checkManifestLockResult.txt",
			);
			runOnlyForDeploymentPostprocessing = 0;
			shellPath = /bin/sh;
			shellScript = "diff \"${PODS_PODFILE_DIR_PATH}/Podfile.lock\" \"${PODS_ROOT}/Manifest.lock\" > /dev/null\nif [ $? != 0 ] ; then\n    # print error to STDERR\n    echo \"error: The sandbox is not in sync with the Podfile.lock. Run 'pod install' or update your CocoaPods installation.\" >&2\n    exit 1\nfi\n# This output is used by Xcode 'outputs' to avoid re-running this script phase.\necho \"SUCCESS\" > \"${SCRIPT_OUTPUT_FILE_0}\"\n";
			showEnvVarsInLog = 0;
		};
		BBAD2D3F6E1DDF6FDAFA685C /* [CP] Check Pods Manifest.lock */ = {
			isa = PBXShellScriptBuildPhase;
			buildActionMask = 2147483647;
			files = (
			);
			inputFileListPaths = (
			);
			inputPaths = (
				"${PODS_PODFILE_DIR_PATH}/Podfile.lock",
				"${PODS_ROOT}/Manifest.lock",
			);
			name = "[CP] Check Pods Manifest.lock";
			outputFileListPaths = (
			);
			outputPaths = (
				"$(DERIVED_FILE_DIR)/Pods-EatsApp-checkManifestLockResult.txt",
			);
			runOnlyForDeploymentPostprocessing = 0;
			shellPath = /bin/sh;
			shellScript = "diff \"${PODS_PODFILE_DIR_PATH}/Podfile.lock\" \"${PODS_ROOT}/Manifest.lock\" > /dev/null\nif [ $? != 0 ] ; then\n    # print error to STDERR\n    echo \"error: The sandbox is not in sync with the Podfile.lock. Run 'pod install' or update your CocoaPods installation.\" >&2\n    exit 1\nfi\n# This output is used by Xcode 'outputs' to avoid re-running this script phase.\necho \"SUCCESS\" > \"${SCRIPT_OUTPUT_FILE_0}\"\n";
			showEnvVarsInLog = 0;
		};
		C2A6998296B9A01C0EF22312 /* [CP] Embed Pods Frameworks */ = {
			isa = PBXShellScriptBuildPhase;
			buildActionMask = 2147483647;
			files = (
			);
			inputFileListPaths = (
				"${PODS_ROOT}/Target Support Files/Pods-EatsApp/Pods-EatsApp-frameworks-${CONFIGURATION}-input-files.xcfilelist",
			);
			name = "[CP] Embed Pods Frameworks";
			outputFileListPaths = (
				"${PODS_ROOT}/Target Support Files/Pods-EatsApp/Pods-EatsApp-frameworks-${CONFIGURATION}-output-files.xcfilelist",
			);
			runOnlyForDeploymentPostprocessing = 0;
			shellPath = /bin/sh;
			shellScript = "\"${PODS_ROOT}/Target Support Files/Pods-EatsApp/Pods-EatsApp-frameworks.sh\"\n";
			showEnvVarsInLog = 0;
		};
/* End PBXShellScriptBuildPhase section */

/* Begin PBXSourcesBuildPhase section */
		4A279E212582E5B30096F79A /* Sources */ = {
			isa = PBXSourcesBuildPhase;
			buildActionMask = 2147483647;
			files = (
				4A4168ED25BA0F3800C47063 /* InfoPersonalViewController.swift in Sources */,
				4A23B03825AACECB00FA066A /* MenuCollectionViewCell.swift in Sources */,
				4A950BD325C2332C001812F7 /* CategoriesHeaderView.swift in Sources */,
				4A2EE0FA25BBDD6C0034C37E /* LocationTableViewCell.swift in Sources */,
				4A4524DB25A173F4004A480D /* AccountViewController.swift in Sources */,
				4A4524C625A13B63004A480D /* LastOrdesTableViewCell.swift in Sources */,
				4A7C912E25AE563E00455A73 /* CategoriesCollectionViewCell.swift in Sources */,
				4ACB5138259FBCA1000E0857 /* SearchViewController.swift in Sources */,
				4A279E852582F0830096F79A /* LogInViewController.swift in Sources */,
				4A2EE0ED25BBD3BF0034C37E /* LocationsViewController.swift in Sources */,
				4A4F3F4225AE7A5D00B3F95F /* CardCollectionTableViewCell.swift in Sources */,
				4A279E292582E5B30096F79A /* AppDelegate.swift in Sources */,
				4A2B2989258AA80B0045EAD0 /* TabBarViewController.swift in Sources */,
				4A4168E825BA0F1A00C47063 /* PayMethodsViewController.swift in Sources */,
				4AAC3B1E25C13E720026F610 /* RestaurantsTableViewCell.swift in Sources */,
				4A7C912725AE562900455A73 /* SliderCollectionViewCell.swift in Sources */,
				4A54D1B8258439CA00B64EE8 /* HomeViewController.swift in Sources */,
				4A80FF5D25AABBA10019C4F5 /* HeaderRestaurant.swift in Sources */,
				4A133FBE25ABAED600DF8E39 /* FoodTableViewCell.swift in Sources */,
				4A4F3F5D25AE81E600B3F95F /* CardViewCell.swift in Sources */,
				4A68FD7225B960DC00F541DE /* OptionsTableViewCell.swift in Sources */,
				4A2EE10025BBFBB40034C37E /* HelpViewController.swift in Sources */,
				4ACB513D259FBF40000E0857 /* PrincipalCategoriesCollectionViewCell.swift in Sources */,
				4A46ED81258DA756006CB62E /* SceneDelegate.swift in Sources */,
				4A79010B25948FD10055852C /* RegisterViewController.swift in Sources */,
				4A4524BE25A13894004A480D /* LastOrdersViewController.swift in Sources */,
				4A41690225BA3EB100C47063 /* PaymentMethodTableViewCell.swift in Sources */,
				4A2B2972258AA40A0045EAD0 /* ViewController.swift in Sources */,
				4A9B8ABD25AA740400874BBF /* RestaurantViewController.swift in Sources */,
				4A1260DD25B933DD003D0BEA /* HeaderAccount.swift in Sources */,
				4A4168D825BA022D00C47063 /* TermsViewController.swift in Sources */,
				4AAC3B1025C13D360026F610 /* CategoriesViewController.swift in Sources */,
				4A7C911025AE540100455A73 /* HeaderHome.swift in Sources */,
			);
			runOnlyForDeploymentPostprocessing = 0;
		};
		4A279E372582E5B80096F79A /* Sources */ = {
			isa = PBXSourcesBuildPhase;
			buildActionMask = 2147483647;
			files = (
				4A279E402582E5B80096F79A /* EatsAppTests.swift in Sources */,
			);
			runOnlyForDeploymentPostprocessing = 0;
		};
		4A279E422582E5B80096F79A /* Sources */ = {
			isa = PBXSourcesBuildPhase;
			buildActionMask = 2147483647;
			files = (
				4A279E4B2582E5B80096F79A /* EatsAppUITests.swift in Sources */,
			);
			runOnlyForDeploymentPostprocessing = 0;
		};
/* End PBXSourcesBuildPhase section */

/* Begin PBXTargetDependency section */
		4A279E3D2582E5B80096F79A /* PBXTargetDependency */ = {
			isa = PBXTargetDependency;
			target = 4A279E242582E5B30096F79A /* EatsApp */;
			targetProxy = 4A279E3C2582E5B80096F79A /* PBXContainerItemProxy */;
		};
		4A279E482582E5B80096F79A /* PBXTargetDependency */ = {
			isa = PBXTargetDependency;
			target = 4A279E242582E5B30096F79A /* EatsApp */;
			targetProxy = 4A279E472582E5B80096F79A /* PBXContainerItemProxy */;
		};
/* End PBXTargetDependency section */

/* Begin PBXVariantGroup section */
		4A279E2E2582E5B30096F79A /* Home.storyboard */ = {
			isa = PBXVariantGroup;
			children = (
				4A279E2F2582E5B30096F79A /* Base */,
			);
			name = Home.storyboard;
			sourceTree = "<group>";
		};
		4A279E332582E5B70096F79A /* LaunchScreen.storyboard */ = {
			isa = PBXVariantGroup;
			children = (
				4A279E342582E5B70096F79A /* Base */,
			);
			name = LaunchScreen.storyboard;
			sourceTree = "<group>";
		};
/* End PBXVariantGroup section */

/* Begin XCBuildConfiguration section */
		4A279E4D2582E5B80096F79A /* Debug */ = {
			isa = XCBuildConfiguration;
			buildSettings = {
				ALWAYS_SEARCH_USER_PATHS = NO;
				CLANG_ANALYZER_NONNULL = YES;
				CLANG_ANALYZER_NUMBER_OBJECT_CONVERSION = YES_AGGRESSIVE;
				CLANG_CXX_LANGUAGE_STANDARD = "gnu++14";
				CLANG_CXX_LIBRARY = "libc++";
				CLANG_ENABLE_MODULES = YES;
				CLANG_ENABLE_OBJC_ARC = YES;
				CLANG_ENABLE_OBJC_WEAK = YES;
				CLANG_WARN_BLOCK_CAPTURE_AUTORELEASING = YES;
				CLANG_WARN_BOOL_CONVERSION = YES;
				CLANG_WARN_COMMA = YES;
				CLANG_WARN_CONSTANT_CONVERSION = YES;
				CLANG_WARN_DEPRECATED_OBJC_IMPLEMENTATIONS = YES;
				CLANG_WARN_DIRECT_OBJC_ISA_USAGE = YES_ERROR;
				CLANG_WARN_DOCUMENTATION_COMMENTS = YES;
				CLANG_WARN_EMPTY_BODY = YES;
				CLANG_WARN_ENUM_CONVERSION = YES;
				CLANG_WARN_INFINITE_RECURSION = YES;
				CLANG_WARN_INT_CONVERSION = YES;
				CLANG_WARN_NON_LITERAL_NULL_CONVERSION = YES;
				CLANG_WARN_OBJC_IMPLICIT_RETAIN_SELF = YES;
				CLANG_WARN_OBJC_LITERAL_CONVERSION = YES;
				CLANG_WARN_OBJC_ROOT_CLASS = YES_ERROR;
				CLANG_WARN_QUOTED_INCLUDE_IN_FRAMEWORK_HEADER = YES;
				CLANG_WARN_RANGE_LOOP_ANALYSIS = YES;
				CLANG_WARN_STRICT_PROTOTYPES = YES;
				CLANG_WARN_SUSPICIOUS_MOVE = YES;
				CLANG_WARN_UNGUARDED_AVAILABILITY = YES_AGGRESSIVE;
				CLANG_WARN_UNREACHABLE_CODE = YES;
				CLANG_WARN__DUPLICATE_METHOD_MATCH = YES;
				COPY_PHASE_STRIP = NO;
				DEBUG_INFORMATION_FORMAT = dwarf;
				ENABLE_STRICT_OBJC_MSGSEND = YES;
				ENABLE_TESTABILITY = YES;
				GCC_C_LANGUAGE_STANDARD = gnu11;
				GCC_DYNAMIC_NO_PIC = NO;
				GCC_NO_COMMON_BLOCKS = YES;
				GCC_OPTIMIZATION_LEVEL = 0;
				GCC_PREPROCESSOR_DEFINITIONS = (
					"DEBUG=1",
					"$(inherited)",
				);
				GCC_WARN_64_TO_32_BIT_CONVERSION = YES;
				GCC_WARN_ABOUT_RETURN_TYPE = YES_ERROR;
				GCC_WARN_UNDECLARED_SELECTOR = YES;
				GCC_WARN_UNINITIALIZED_AUTOS = YES_AGGRESSIVE;
				GCC_WARN_UNUSED_FUNCTION = YES;
				GCC_WARN_UNUSED_VARIABLE = YES;
				IPHONEOS_DEPLOYMENT_TARGET = 13.0;
				MTL_ENABLE_DEBUG_INFO = INCLUDE_SOURCE;
				MTL_FAST_MATH = YES;
				ONLY_ACTIVE_ARCH = YES;
				SDKROOT = iphoneos;
				SWIFT_ACTIVE_COMPILATION_CONDITIONS = DEBUG;
				SWIFT_OPTIMIZATION_LEVEL = "-Onone";
			};
			name = Debug;
		};
		4A279E4E2582E5B80096F79A /* Release */ = {
			isa = XCBuildConfiguration;
			buildSettings = {
				ALWAYS_SEARCH_USER_PATHS = NO;
				CLANG_ANALYZER_NONNULL = YES;
				CLANG_ANALYZER_NUMBER_OBJECT_CONVERSION = YES_AGGRESSIVE;
				CLANG_CXX_LANGUAGE_STANDARD = "gnu++14";
				CLANG_CXX_LIBRARY = "libc++";
				CLANG_ENABLE_MODULES = YES;
				CLANG_ENABLE_OBJC_ARC = YES;
				CLANG_ENABLE_OBJC_WEAK = YES;
				CLANG_WARN_BLOCK_CAPTURE_AUTORELEASING = YES;
				CLANG_WARN_BOOL_CONVERSION = YES;
				CLANG_WARN_COMMA = YES;
				CLANG_WARN_CONSTANT_CONVERSION = YES;
				CLANG_WARN_DEPRECATED_OBJC_IMPLEMENTATIONS = YES;
				CLANG_WARN_DIRECT_OBJC_ISA_USAGE = YES_ERROR;
				CLANG_WARN_DOCUMENTATION_COMMENTS = YES;
				CLANG_WARN_EMPTY_BODY = YES;
				CLANG_WARN_ENUM_CONVERSION = YES;
				CLANG_WARN_INFINITE_RECURSION = YES;
				CLANG_WARN_INT_CONVERSION = YES;
				CLANG_WARN_NON_LITERAL_NULL_CONVERSION = YES;
				CLANG_WARN_OBJC_IMPLICIT_RETAIN_SELF = YES;
				CLANG_WARN_OBJC_LITERAL_CONVERSION = YES;
				CLANG_WARN_OBJC_ROOT_CLASS = YES_ERROR;
				CLANG_WARN_QUOTED_INCLUDE_IN_FRAMEWORK_HEADER = YES;
				CLANG_WARN_RANGE_LOOP_ANALYSIS = YES;
				CLANG_WARN_STRICT_PROTOTYPES = YES;
				CLANG_WARN_SUSPICIOUS_MOVE = YES;
				CLANG_WARN_UNGUARDED_AVAILABILITY = YES_AGGRESSIVE;
				CLANG_WARN_UNREACHABLE_CODE = YES;
				CLANG_WARN__DUPLICATE_METHOD_MATCH = YES;
				COPY_PHASE_STRIP = NO;
				DEBUG_INFORMATION_FORMAT = "dwarf-with-dsym";
				ENABLE_NS_ASSERTIONS = NO;
				ENABLE_STRICT_OBJC_MSGSEND = YES;
				GCC_C_LANGUAGE_STANDARD = gnu11;
				GCC_NO_COMMON_BLOCKS = YES;
				GCC_WARN_64_TO_32_BIT_CONVERSION = YES;
				GCC_WARN_ABOUT_RETURN_TYPE = YES_ERROR;
				GCC_WARN_UNDECLARED_SELECTOR = YES;
				GCC_WARN_UNINITIALIZED_AUTOS = YES_AGGRESSIVE;
				GCC_WARN_UNUSED_FUNCTION = YES;
				GCC_WARN_UNUSED_VARIABLE = YES;
				IPHONEOS_DEPLOYMENT_TARGET = 13.0;
				MTL_ENABLE_DEBUG_INFO = NO;
				MTL_FAST_MATH = YES;
				SDKROOT = iphoneos;
				SWIFT_COMPILATION_MODE = wholemodule;
				SWIFT_OPTIMIZATION_LEVEL = "-O";
				VALIDATE_PRODUCT = YES;
			};
			name = Release;
		};
		4A279E502582E5B80096F79A /* Debug */ = {
			isa = XCBuildConfiguration;
			baseConfigurationReference = 4A75A3292144AE9B99B9AC90 /* Pods-EatsApp.debug.xcconfig */;
			buildSettings = {
				ASSETCATALOG_COMPILER_APPICON_NAME = AppIcon;
				ASSETCATALOG_COMPILER_GLOBAL_ACCENT_COLOR_NAME = AccentColor;
				CODE_SIGN_STYLE = Automatic;
				DEVELOPMENT_TEAM = 3FYVV972G7;
				INFOPLIST_FILE = EatsApp/Info.plist;
				IPHONEOS_DEPLOYMENT_TARGET = 13.0;
				LD_RUNPATH_SEARCH_PATHS = (
					"$(inherited)",
					"@executable_path/Frameworks",
				);
				PRODUCT_BUNDLE_IDENTIFIER = com.alexvc.EatsApp;
				PRODUCT_NAME = "$(TARGET_NAME)";
				SWIFT_VERSION = 5.0;
				TARGETED_DEVICE_FAMILY = 1;
			};
			name = Debug;
		};
		4A279E512582E5B80096F79A /* Release */ = {
			isa = XCBuildConfiguration;
			baseConfigurationReference = AAC345E16794F51F44C9F5F0 /* Pods-EatsApp.release.xcconfig */;
			buildSettings = {
				ASSETCATALOG_COMPILER_APPICON_NAME = AppIcon;
				ASSETCATALOG_COMPILER_GLOBAL_ACCENT_COLOR_NAME = AccentColor;
				CODE_SIGN_STYLE = Automatic;
				DEVELOPMENT_TEAM = 3FYVV972G7;
				INFOPLIST_FILE = EatsApp/Info.plist;
				IPHONEOS_DEPLOYMENT_TARGET = 13.0;
				LD_RUNPATH_SEARCH_PATHS = (
					"$(inherited)",
					"@executable_path/Frameworks",
				);
				PRODUCT_BUNDLE_IDENTIFIER = com.alexvc.EatsApp;
				PRODUCT_NAME = "$(TARGET_NAME)";
				SWIFT_VERSION = 5.0;
				TARGETED_DEVICE_FAMILY = 1;
			};
			name = Release;
		};
		4A279E532582E5B80096F79A /* Debug */ = {
			isa = XCBuildConfiguration;
			baseConfigurationReference = 74560C490A2656D564FACB0E /* Pods-EatsAppTests.debug.xcconfig */;
			buildSettings = {
				ALWAYS_EMBED_SWIFT_STANDARD_LIBRARIES = YES;
				BUNDLE_LOADER = "$(TEST_HOST)";
				CODE_SIGN_STYLE = Automatic;
				DEVELOPMENT_TEAM = 3FYVV972G7;
				INFOPLIST_FILE = EatsAppTests/Info.plist;
				IPHONEOS_DEPLOYMENT_TARGET = 14.2;
				LD_RUNPATH_SEARCH_PATHS = (
					"$(inherited)",
					"@executable_path/Frameworks",
					"@loader_path/Frameworks",
				);
				PRODUCT_BUNDLE_IDENTIFIER = com.alexvc.EatsAppTests;
				PRODUCT_NAME = "$(TARGET_NAME)";
				SWIFT_VERSION = 5.0;
				TARGETED_DEVICE_FAMILY = "1,2";
				TEST_HOST = "$(BUILT_PRODUCTS_DIR)/EatsApp.app/EatsApp";
			};
			name = Debug;
		};
		4A279E542582E5B80096F79A /* Release */ = {
			isa = XCBuildConfiguration;
			baseConfigurationReference = CAB6CA896CE50409144A8859 /* Pods-EatsAppTests.release.xcconfig */;
			buildSettings = {
				ALWAYS_EMBED_SWIFT_STANDARD_LIBRARIES = YES;
				BUNDLE_LOADER = "$(TEST_HOST)";
				CODE_SIGN_STYLE = Automatic;
				DEVELOPMENT_TEAM = 3FYVV972G7;
				INFOPLIST_FILE = EatsAppTests/Info.plist;
				IPHONEOS_DEPLOYMENT_TARGET = 14.2;
				LD_RUNPATH_SEARCH_PATHS = (
					"$(inherited)",
					"@executable_path/Frameworks",
					"@loader_path/Frameworks",
				);
				PRODUCT_BUNDLE_IDENTIFIER = com.alexvc.EatsAppTests;
				PRODUCT_NAME = "$(TARGET_NAME)";
				SWIFT_VERSION = 5.0;
				TARGETED_DEVICE_FAMILY = "1,2";
				TEST_HOST = "$(BUILT_PRODUCTS_DIR)/EatsApp.app/EatsApp";
			};
			name = Release;
		};
		4A279E562582E5B80096F79A /* Debug */ = {
			isa = XCBuildConfiguration;
			baseConfigurationReference = 33E530F06872FCDCD041C1EB /* Pods-EatsApp-EatsAppUITests.debug.xcconfig */;
			buildSettings = {
				ALWAYS_EMBED_SWIFT_STANDARD_LIBRARIES = YES;
				CODE_SIGN_STYLE = Automatic;
				DEVELOPMENT_TEAM = 3FYVV972G7;
				INFOPLIST_FILE = EatsAppUITests/Info.plist;
				LD_RUNPATH_SEARCH_PATHS = (
					"$(inherited)",
					"@executable_path/Frameworks",
					"@loader_path/Frameworks",
				);
				PRODUCT_BUNDLE_IDENTIFIER = com.alexvc.EatsAppUITests;
				PRODUCT_NAME = "$(TARGET_NAME)";
				SWIFT_VERSION = 5.0;
				TARGETED_DEVICE_FAMILY = "1,2";
				TEST_TARGET_NAME = EatsApp;
			};
			name = Debug;
		};
		4A279E572582E5B80096F79A /* Release */ = {
			isa = XCBuildConfiguration;
			baseConfigurationReference = 47DDE463AB1CFEBABA24F4F5 /* Pods-EatsApp-EatsAppUITests.release.xcconfig */;
			buildSettings = {
				ALWAYS_EMBED_SWIFT_STANDARD_LIBRARIES = YES;
				CODE_SIGN_STYLE = Automatic;
				DEVELOPMENT_TEAM = 3FYVV972G7;
				INFOPLIST_FILE = EatsAppUITests/Info.plist;
				LD_RUNPATH_SEARCH_PATHS = (
					"$(inherited)",
					"@executable_path/Frameworks",
					"@loader_path/Frameworks",
				);
				PRODUCT_BUNDLE_IDENTIFIER = com.alexvc.EatsAppUITests;
				PRODUCT_NAME = "$(TARGET_NAME)";
				SWIFT_VERSION = 5.0;
				TARGETED_DEVICE_FAMILY = "1,2";
				TEST_TARGET_NAME = EatsApp;
			};
			name = Release;
		};
/* End XCBuildConfiguration section */

/* Begin XCConfigurationList section */
		4A279E202582E5B30096F79A /* Build configuration list for PBXProject "EatsApp" */ = {
			isa = XCConfigurationList;
			buildConfigurations = (
				4A279E4D2582E5B80096F79A /* Debug */,
				4A279E4E2582E5B80096F79A /* Release */,
			);
			defaultConfigurationIsVisible = 0;
			defaultConfigurationName = Release;
		};
		4A279E4F2582E5B80096F79A /* Build configuration list for PBXNativeTarget "EatsApp" */ = {
			isa = XCConfigurationList;
			buildConfigurations = (
				4A279E502582E5B80096F79A /* Debug */,
				4A279E512582E5B80096F79A /* Release */,
			);
			defaultConfigurationIsVisible = 0;
			defaultConfigurationName = Release;
		};
		4A279E522582E5B80096F79A /* Build configuration list for PBXNativeTarget "EatsAppTests" */ = {
			isa = XCConfigurationList;
			buildConfigurations = (
				4A279E532582E5B80096F79A /* Debug */,
				4A279E542582E5B80096F79A /* Release */,
			);
			defaultConfigurationIsVisible = 0;
			defaultConfigurationName = Release;
		};
		4A279E552582E5B80096F79A /* Build configuration list for PBXNativeTarget "EatsAppUITests" */ = {
			isa = XCConfigurationList;
			buildConfigurations = (
				4A279E562582E5B80096F79A /* Debug */,
				4A279E572582E5B80096F79A /* Release */,
			);
			defaultConfigurationIsVisible = 0;
			defaultConfigurationName = Release;
		};
/* End XCConfigurationList section */
	};
	rootObject = 4A279E1D2582E5B30096F79A /* Project object */;
}
